// !$*UTF8*$!
{
	archiveVersion = 1;
	classes = {
	};
	objectVersion = 51;
	objects = {

/* Begin PBXBuildFile section */
		304E31A7244CF47700C3A1C5 /* LoginViewController.swift in Sources */ = {isa = PBXBuildFile; fileRef = 304E31A6244CF47700C3A1C5 /* LoginViewController.swift */; };
		304E31A9244CF53500C3A1C5 /* HomePageViewController.swift in Sources */ = {isa = PBXBuildFile; fileRef = 304E31A8244CF53500C3A1C5 /* HomePageViewController.swift */; };
		308EEBE62454B44000AB127F /* PurchaseCell.swift in Sources */ = {isa = PBXBuildFile; fileRef = 308EEBE52454B44000AB127F /* PurchaseCell.swift */; };
		308EEBEA2454C28000AB127F /* PurchaseViewController.swift in Sources */ = {isa = PBXBuildFile; fileRef = 308EEBE92454C28000AB127F /* PurchaseViewController.swift */; };
		308EEBEC2454E99D00AB127F /* TabViewController.swift in Sources */ = {isa = PBXBuildFile; fileRef = 308EEBEB2454E99D00AB127F /* TabViewController.swift */; };
		3426A0787EF97154DA4FB09B /* Pods_IntelliBudget.framework in Frameworks */ = {isa = PBXBuildFile; fileRef = 23B05181E1CC6EF327DA553A /* Pods_IntelliBudget.framework */; };
		56B4A1B5A06F63B5E436F79C /* Pods_IntelliBudgetTests.framework in Frameworks */ = {isa = PBXBuildFile; fileRef = EDE76043E56D453AE80C4373 /* Pods_IntelliBudgetTests.framework */; };
		E2A713434CF7FEBC69EA12CE /* Pods_IntelliBudget_IntelliBudgetUITests.framework in Frameworks */ = {isa = PBXBuildFile; fileRef = 21C908AF1C45FAE725A1FC5F /* Pods_IntelliBudget_IntelliBudgetUITests.framework */; };
		F14044BE245A543500FDFCF0 /* BalanceViewController.swift in Sources */ = {isa = PBXBuildFile; fileRef = F14044BD245A543500FDFCF0 /* BalanceViewController.swift */; };
		F14044C0245A5B2100FDFCF0 /* BalanceAddViewController.swift in Sources */ = {isa = PBXBuildFile; fileRef = F14044BF245A5B2100FDFCF0 /* BalanceAddViewController.swift */; };
		F1692A5024512F2300B5639C /* SceneDelegate.swift in Sources */ = {isa = PBXBuildFile; fileRef = F1692A4F24512F2300B5639C /* SceneDelegate.swift */; };
		F1DDCD272448E6E4004E67AA /* AppDelegate.swift in Sources */ = {isa = PBXBuildFile; fileRef = F1DDCD262448E6E4004E67AA /* AppDelegate.swift */; };
		F1DDCD2B2448E6E4004E67AA /* ViewController.swift in Sources */ = {isa = PBXBuildFile; fileRef = F1DDCD2A2448E6E4004E67AA /* ViewController.swift */; };
		F1DDCD2E2448E6E4004E67AA /* Main.storyboard in Resources */ = {isa = PBXBuildFile; fileRef = F1DDCD2C2448E6E4004E67AA /* Main.storyboard */; };
		F1DDCD302448E6E8004E67AA /* Assets.xcassets in Resources */ = {isa = PBXBuildFile; fileRef = F1DDCD2F2448E6E8004E67AA /* Assets.xcassets */; };
		F1DDCD332448E6E8004E67AA /* LaunchScreen.storyboard in Resources */ = {isa = PBXBuildFile; fileRef = F1DDCD312448E6E8004E67AA /* LaunchScreen.storyboard */; };
		F1DDCD3E2448E6E8004E67AA /* IntelliBudgetTests.swift in Sources */ = {isa = PBXBuildFile; fileRef = F1DDCD3D2448E6E8004E67AA /* IntelliBudgetTests.swift */; };
		F1DDCD492448E6E8004E67AA /* IntelliBudgetUITests.swift in Sources */ = {isa = PBXBuildFile; fileRef = F1DDCD482448E6E8004E67AA /* IntelliBudgetUITests.swift */; };
/* End PBXBuildFile section */

/* Begin PBXContainerItemProxy section */
		F1DDCD3A2448E6E8004E67AA /* PBXContainerItemProxy */ = {
			isa = PBXContainerItemProxy;
			containerPortal = F1DDCD1B2448E6E4004E67AA /* Project object */;
			proxyType = 1;
			remoteGlobalIDString = F1DDCD222448E6E4004E67AA;
			remoteInfo = IntelliBudget;
		};
		F1DDCD452448E6E8004E67AA /* PBXContainerItemProxy */ = {
			isa = PBXContainerItemProxy;
			containerPortal = F1DDCD1B2448E6E4004E67AA /* Project object */;
			proxyType = 1;
			remoteGlobalIDString = F1DDCD222448E6E4004E67AA;
			remoteInfo = IntelliBudget;
		};
/* End PBXContainerItemProxy section */

/* Begin PBXFileReference section */
		0031BBA03EC8333BA0D362A7 /* Pods-IntelliBudgetTests.debug.xcconfig */ = {isa = PBXFileReference; includeInIndex = 1; lastKnownFileType = text.xcconfig; name = "Pods-IntelliBudgetTests.debug.xcconfig"; path = "Target Support Files/Pods-IntelliBudgetTests/Pods-IntelliBudgetTests.debug.xcconfig"; sourceTree = "<group>"; };
		04A2C264CD2B098D40127764 /* Pods-IntelliBudget-IntelliBudgetUITests.debug.xcconfig */ = {isa = PBXFileReference; includeInIndex = 1; lastKnownFileType = text.xcconfig; name = "Pods-IntelliBudget-IntelliBudgetUITests.debug.xcconfig"; path = "Target Support Files/Pods-IntelliBudget-IntelliBudgetUITests/Pods-IntelliBudget-IntelliBudgetUITests.debug.xcconfig"; sourceTree = "<group>"; };
		21C908AF1C45FAE725A1FC5F /* Pods_IntelliBudget_IntelliBudgetUITests.framework */ = {isa = PBXFileReference; explicitFileType = wrapper.framework; includeInIndex = 0; path = Pods_IntelliBudget_IntelliBudgetUITests.framework; sourceTree = BUILT_PRODUCTS_DIR; };
		23B05181E1CC6EF327DA553A /* Pods_IntelliBudget.framework */ = {isa = PBXFileReference; explicitFileType = wrapper.framework; includeInIndex = 0; path = Pods_IntelliBudget.framework; sourceTree = BUILT_PRODUCTS_DIR; };
		304E31A6244CF47700C3A1C5 /* LoginViewController.swift */ = {isa = PBXFileReference; lastKnownFileType = sourcecode.swift; path = LoginViewController.swift; sourceTree = "<group>"; };
		304E31A8244CF53500C3A1C5 /* HomePageViewController.swift */ = {isa = PBXFileReference; lastKnownFileType = sourcecode.swift; path = HomePageViewController.swift; sourceTree = "<group>"; };
		308EEBE52454B44000AB127F /* PurchaseCell.swift */ = {isa = PBXFileReference; lastKnownFileType = sourcecode.swift; name = PurchaseCell.swift; path = ../PurchaseCell.swift; sourceTree = "<group>"; };
		308EEBE92454C28000AB127F /* PurchaseViewController.swift */ = {isa = PBXFileReference; lastKnownFileType = sourcecode.swift; path = PurchaseViewController.swift; sourceTree = "<group>"; };
		308EEBEB2454E99D00AB127F /* TabViewController.swift */ = {isa = PBXFileReference; lastKnownFileType = sourcecode.swift; path = TabViewController.swift; sourceTree = "<group>"; };
		751506E552BFDA53BC984CA5 /* Pods-IntelliBudget-IntelliBudgetUITests.release.xcconfig */ = {isa = PBXFileReference; includeInIndex = 1; lastKnownFileType = text.xcconfig; name = "Pods-IntelliBudget-IntelliBudgetUITests.release.xcconfig"; path = "Target Support Files/Pods-IntelliBudget-IntelliBudgetUITests/Pods-IntelliBudget-IntelliBudgetUITests.release.xcconfig"; sourceTree = "<group>"; };
		8336D192D433ED309743AEDD /* Pods-IntelliBudget.debug.xcconfig */ = {isa = PBXFileReference; includeInIndex = 1; lastKnownFileType = text.xcconfig; name = "Pods-IntelliBudget.debug.xcconfig"; path = "Target Support Files/Pods-IntelliBudget/Pods-IntelliBudget.debug.xcconfig"; sourceTree = "<group>"; };
		9DB135BF4EBF6613303F730A /* Pods-IntelliBudget.release.xcconfig */ = {isa = PBXFileReference; includeInIndex = 1; lastKnownFileType = text.xcconfig; name = "Pods-IntelliBudget.release.xcconfig"; path = "Target Support Files/Pods-IntelliBudget/Pods-IntelliBudget.release.xcconfig"; sourceTree = "<group>"; };
		BBFC731CE6ED99EF4C485300 /* Pods-IntelliBudgetTests.release.xcconfig */ = {isa = PBXFileReference; includeInIndex = 1; lastKnownFileType = text.xcconfig; name = "Pods-IntelliBudgetTests.release.xcconfig"; path = "Target Support Files/Pods-IntelliBudgetTests/Pods-IntelliBudgetTests.release.xcconfig"; sourceTree = "<group>"; };
		EDE76043E56D453AE80C4373 /* Pods_IntelliBudgetTests.framework */ = {isa = PBXFileReference; explicitFileType = wrapper.framework; includeInIndex = 0; path = Pods_IntelliBudgetTests.framework; sourceTree = BUILT_PRODUCTS_DIR; };
		F14044BD245A543500FDFCF0 /* BalanceViewController.swift */ = {isa = PBXFileReference; lastKnownFileType = sourcecode.swift; path = BalanceViewController.swift; sourceTree = "<group>"; };
		F14044BF245A5B2100FDFCF0 /* BalanceAddViewController.swift */ = {isa = PBXFileReference; lastKnownFileType = sourcecode.swift; path = BalanceAddViewController.swift; sourceTree = "<group>"; };
		F1692A4F24512F2300B5639C /* SceneDelegate.swift */ = {isa = PBXFileReference; fileEncoding = 4; lastKnownFileType = sourcecode.swift; path = SceneDelegate.swift; sourceTree = "<group>"; };
		F1DDCD232448E6E4004E67AA /* IntelliBudget.app */ = {isa = PBXFileReference; explicitFileType = wrapper.application; includeInIndex = 0; path = IntelliBudget.app; sourceTree = BUILT_PRODUCTS_DIR; };
		F1DDCD262448E6E4004E67AA /* AppDelegate.swift */ = {isa = PBXFileReference; lastKnownFileType = sourcecode.swift; path = AppDelegate.swift; sourceTree = "<group>"; };
		F1DDCD2A2448E6E4004E67AA /* ViewController.swift */ = {isa = PBXFileReference; lastKnownFileType = sourcecode.swift; path = ViewController.swift; sourceTree = "<group>"; };
		F1DDCD2D2448E6E4004E67AA /* Base */ = {isa = PBXFileReference; lastKnownFileType = file.storyboard; name = Base; path = Base.lproj/Main.storyboard; sourceTree = "<group>"; };
		F1DDCD2F2448E6E8004E67AA /* Assets.xcassets */ = {isa = PBXFileReference; lastKnownFileType = folder.assetcatalog; path = Assets.xcassets; sourceTree = "<group>"; };
		F1DDCD322448E6E8004E67AA /* Base */ = {isa = PBXFileReference; lastKnownFileType = file.storyboard; name = Base; path = Base.lproj/LaunchScreen.storyboard; sourceTree = "<group>"; };
		F1DDCD342448E6E8004E67AA /* Info.plist */ = {isa = PBXFileReference; lastKnownFileType = text.plist.xml; path = Info.plist; sourceTree = "<group>"; };
		F1DDCD392448E6E8004E67AA /* IntelliBudgetTests.xctest */ = {isa = PBXFileReference; explicitFileType = wrapper.cfbundle; includeInIndex = 0; path = IntelliBudgetTests.xctest; sourceTree = BUILT_PRODUCTS_DIR; };
		F1DDCD3D2448E6E8004E67AA /* IntelliBudgetTests.swift */ = {isa = PBXFileReference; lastKnownFileType = sourcecode.swift; path = IntelliBudgetTests.swift; sourceTree = "<group>"; };
		F1DDCD3F2448E6E8004E67AA /* Info.plist */ = {isa = PBXFileReference; lastKnownFileType = text.plist.xml; path = Info.plist; sourceTree = "<group>"; };
		F1DDCD442448E6E8004E67AA /* IntelliBudgetUITests.xctest */ = {isa = PBXFileReference; explicitFileType = wrapper.cfbundle; includeInIndex = 0; path = IntelliBudgetUITests.xctest; sourceTree = BUILT_PRODUCTS_DIR; };
		F1DDCD482448E6E8004E67AA /* IntelliBudgetUITests.swift */ = {isa = PBXFileReference; lastKnownFileType = sourcecode.swift; path = IntelliBudgetUITests.swift; sourceTree = "<group>"; };
		F1DDCD4A2448E6E8004E67AA /* Info.plist */ = {isa = PBXFileReference; lastKnownFileType = text.plist.xml; path = Info.plist; sourceTree = "<group>"; };
/* End PBXFileReference section */

/* Begin PBXFrameworksBuildPhase section */
		F1DDCD202448E6E4004E67AA /* Frameworks */ = {
			isa = PBXFrameworksBuildPhase;
			buildActionMask = 2147483647;
			files = (
				3426A0787EF97154DA4FB09B /* Pods_IntelliBudget.framework in Frameworks */,
			);
			runOnlyForDeploymentPostprocessing = 0;
		};
		F1DDCD362448E6E8004E67AA /* Frameworks */ = {
			isa = PBXFrameworksBuildPhase;
			buildActionMask = 2147483647;
			files = (
				56B4A1B5A06F63B5E436F79C /* Pods_IntelliBudgetTests.framework in Frameworks */,
			);
			runOnlyForDeploymentPostprocessing = 0;
		};
		F1DDCD412448E6E8004E67AA /* Frameworks */ = {
			isa = PBXFrameworksBuildPhase;
			buildActionMask = 2147483647;
			files = (
				E2A713434CF7FEBC69EA12CE /* Pods_IntelliBudget_IntelliBudgetUITests.framework in Frameworks */,
			);
			runOnlyForDeploymentPostprocessing = 0;
		};
/* End PBXFrameworksBuildPhase section */

/* Begin PBXGroup section */
		1D358B3FD67EE8DDF1055E0F /* Frameworks */ = {
			isa = PBXGroup;
			children = (
				23B05181E1CC6EF327DA553A /* Pods_IntelliBudget.framework */,
				21C908AF1C45FAE725A1FC5F /* Pods_IntelliBudget_IntelliBudgetUITests.framework */,
				EDE76043E56D453AE80C4373 /* Pods_IntelliBudgetTests.framework */,
			);
			name = Frameworks;
			sourceTree = "<group>";
		};
		50E95143405450FC51A3BE21 /* Pods */ = {
			isa = PBXGroup;
			children = (
				8336D192D433ED309743AEDD /* Pods-IntelliBudget.debug.xcconfig */,
				9DB135BF4EBF6613303F730A /* Pods-IntelliBudget.release.xcconfig */,
				04A2C264CD2B098D40127764 /* Pods-IntelliBudget-IntelliBudgetUITests.debug.xcconfig */,
				751506E552BFDA53BC984CA5 /* Pods-IntelliBudget-IntelliBudgetUITests.release.xcconfig */,
				0031BBA03EC8333BA0D362A7 /* Pods-IntelliBudgetTests.debug.xcconfig */,
				BBFC731CE6ED99EF4C485300 /* Pods-IntelliBudgetTests.release.xcconfig */,
			);
			path = Pods;
			sourceTree = "<group>";
		};
		F1DDCD1A2448E6E4004E67AA = {
			isa = PBXGroup;
			children = (
				F1DDCD252448E6E4004E67AA /* IntelliBudget */,
				F1DDCD3C2448E6E8004E67AA /* IntelliBudgetTests */,
				F1DDCD472448E6E8004E67AA /* IntelliBudgetUITests */,
				F1DDCD242448E6E4004E67AA /* Products */,
				50E95143405450FC51A3BE21 /* Pods */,
				1D358B3FD67EE8DDF1055E0F /* Frameworks */,
			);
			sourceTree = "<group>";
		};
		F1DDCD242448E6E4004E67AA /* Products */ = {
			isa = PBXGroup;
			children = (
				F1DDCD232448E6E4004E67AA /* IntelliBudget.app */,
				F1DDCD392448E6E8004E67AA /* IntelliBudgetTests.xctest */,
				F1DDCD442448E6E8004E67AA /* IntelliBudgetUITests.xctest */,
			);
			name = Products;
			sourceTree = "<group>";
		};
		F1DDCD252448E6E4004E67AA /* IntelliBudget */ = {
			isa = PBXGroup;
			children = (
				F1692A4F24512F2300B5639C /* SceneDelegate.swift */,
				F1DDCD262448E6E4004E67AA /* AppDelegate.swift */,
				308EEBE52454B44000AB127F /* PurchaseCell.swift */,
				F1DDCD2A2448E6E4004E67AA /* ViewController.swift */,
				F1DDCD2C2448E6E4004E67AA /* Main.storyboard */,
				F1DDCD2F2448E6E8004E67AA /* Assets.xcassets */,
				F1DDCD312448E6E8004E67AA /* LaunchScreen.storyboard */,
				F1DDCD342448E6E8004E67AA /* Info.plist */,
				304E31A6244CF47700C3A1C5 /* LoginViewController.swift */,
				304E31A8244CF53500C3A1C5 /* HomePageViewController.swift */,
				308EEBE92454C28000AB127F /* PurchaseViewController.swift */,
				308EEBEB2454E99D00AB127F /* TabViewController.swift */,
				F14044BD245A543500FDFCF0 /* BalanceViewController.swift */,
				F14044BF245A5B2100FDFCF0 /* BalanceAddViewController.swift */,
			);
			path = IntelliBudget;
			sourceTree = "<group>";
		};
		F1DDCD3C2448E6E8004E67AA /* IntelliBudgetTests */ = {
			isa = PBXGroup;
			children = (
				F1DDCD3D2448E6E8004E67AA /* IntelliBudgetTests.swift */,
				F1DDCD3F2448E6E8004E67AA /* Info.plist */,
			);
			path = IntelliBudgetTests;
			sourceTree = "<group>";
		};
		F1DDCD472448E6E8004E67AA /* IntelliBudgetUITests */ = {
			isa = PBXGroup;
			children = (
				F1DDCD482448E6E8004E67AA /* IntelliBudgetUITests.swift */,
				F1DDCD4A2448E6E8004E67AA /* Info.plist */,
			);
			path = IntelliBudgetUITests;
			sourceTree = "<group>";
		};
/* End PBXGroup section */

/* Begin PBXNativeTarget section */
		F1DDCD222448E6E4004E67AA /* IntelliBudget */ = {
			isa = PBXNativeTarget;
			buildConfigurationList = F1DDCD4D2448E6E8004E67AA /* Build configuration list for PBXNativeTarget "IntelliBudget" */;
			buildPhases = (
				4412E759AF8A124EE95EBA95 /* [CP] Check Pods Manifest.lock */,
				F1DDCD1F2448E6E4004E67AA /* Sources */,
				F1DDCD202448E6E4004E67AA /* Frameworks */,
				F1DDCD212448E6E4004E67AA /* Resources */,
				8C1FDA736CC71121087622A1 /* [CP] Embed Pods Frameworks */,
			);
			buildRules = (
			);
			dependencies = (
			);
			name = IntelliBudget;
			productName = IntelliBudget;
			productReference = F1DDCD232448E6E4004E67AA /* IntelliBudget.app */;
			productType = "com.apple.product-type.application";
		};
		F1DDCD382448E6E8004E67AA /* IntelliBudgetTests */ = {
			isa = PBXNativeTarget;
			buildConfigurationList = F1DDCD502448E6E8004E67AA /* Build configuration list for PBXNativeTarget "IntelliBudgetTests" */;
			buildPhases = (
				A7EA2FD7852EF1FD5318FA1E /* [CP] Check Pods Manifest.lock */,
				F1DDCD352448E6E8004E67AA /* Sources */,
				F1DDCD362448E6E8004E67AA /* Frameworks */,
				F1DDCD372448E6E8004E67AA /* Resources */,
			);
			buildRules = (
			);
			dependencies = (
				F1DDCD3B2448E6E8004E67AA /* PBXTargetDependency */,
			);
			name = IntelliBudgetTests;
			productName = IntelliBudgetTests;
			productReference = F1DDCD392448E6E8004E67AA /* IntelliBudgetTests.xctest */;
			productType = "com.apple.product-type.bundle.unit-test";
		};
		F1DDCD432448E6E8004E67AA /* IntelliBudgetUITests */ = {
			isa = PBXNativeTarget;
			buildConfigurationList = F1DDCD532448E6E8004E67AA /* Build configuration list for PBXNativeTarget "IntelliBudgetUITests" */;
			buildPhases = (
				0BF41787823212C20D2474DE /* [CP] Check Pods Manifest.lock */,
				F1DDCD402448E6E8004E67AA /* Sources */,
				F1DDCD412448E6E8004E67AA /* Frameworks */,
				F1DDCD422448E6E8004E67AA /* Resources */,
				2B88E7F430ECAB78FAF83ADD /* [CP] Embed Pods Frameworks */,
			);
			buildRules = (
			);
			dependencies = (
				F1DDCD462448E6E8004E67AA /* PBXTargetDependency */,
			);
			name = IntelliBudgetUITests;
			productName = IntelliBudgetUITests;
			productReference = F1DDCD442448E6E8004E67AA /* IntelliBudgetUITests.xctest */;
			productType = "com.apple.product-type.bundle.ui-testing";
		};
/* End PBXNativeTarget section */

/* Begin PBXProject section */
		F1DDCD1B2448E6E4004E67AA /* Project object */ = {
			isa = PBXProject;
			attributes = {
				LastSwiftUpdateCheck = 1140;
				LastUpgradeCheck = 1140;
				ORGANIZATIONNAME = user165734;
				TargetAttributes = {
					F1DDCD222448E6E4004E67AA = {
						CreatedOnToolsVersion = 11.4;
					};
					F1DDCD382448E6E8004E67AA = {
						CreatedOnToolsVersion = 11.4;
						TestTargetID = F1DDCD222448E6E4004E67AA;
					};
					F1DDCD432448E6E8004E67AA = {
						CreatedOnToolsVersion = 11.4;
						TestTargetID = F1DDCD222448E6E4004E67AA;
					};
				};
			};
			buildConfigurationList = F1DDCD1E2448E6E4004E67AA /* Build configuration list for PBXProject "IntelliBudget" */;
			compatibilityVersion = "Xcode 9.3";
			developmentRegion = en;
			hasScannedForEncodings = 0;
			knownRegions = (
				en,
				Base,
			);
			mainGroup = F1DDCD1A2448E6E4004E67AA;
			productRefGroup = F1DDCD242448E6E4004E67AA /* Products */;
			projectDirPath = "";
			projectRoot = "";
			targets = (
				F1DDCD222448E6E4004E67AA /* IntelliBudget */,
				F1DDCD382448E6E8004E67AA /* IntelliBudgetTests */,
				F1DDCD432448E6E8004E67AA /* IntelliBudgetUITests */,
			);
		};
/* End PBXProject section */

/* Begin PBXResourcesBuildPhase section */
		F1DDCD212448E6E4004E67AA /* Resources */ = {
			isa = PBXResourcesBuildPhase;
			buildActionMask = 2147483647;
			files = (
				F1DDCD332448E6E8004E67AA /* LaunchScreen.storyboard in Resources */,
				F1DDCD302448E6E8004E67AA /* Assets.xcassets in Resources */,
				F1DDCD2E2448E6E4004E67AA /* Main.storyboard in Resources */,
			);
			runOnlyForDeploymentPostprocessing = 0;
		};
		F1DDCD372448E6E8004E67AA /* Resources */ = {
			isa = PBXResourcesBuildPhase;
			buildActionMask = 2147483647;
			files = (
			);
			runOnlyForDeploymentPostprocessing = 0;
		};
		F1DDCD422448E6E8004E67AA /* Resources */ = {
			isa = PBXResourcesBuildPhase;
			buildActionMask = 2147483647;
			files = (
			);
			runOnlyForDeploymentPostprocessing = 0;
		};
/* End PBXResourcesBuildPhase section */

/* Begin PBXShellScriptBuildPhase section */
		0BF41787823212C20D2474DE /* [CP] Check Pods Manifest.lock */ = {
			isa = PBXShellScriptBuildPhase;
			buildActionMask = 2147483647;
			files = (
			);
			inputFileListPaths = (
			);
			inputPaths = (
				"${PODS_PODFILE_DIR_PATH}/Podfile.lock",
				"${PODS_ROOT}/Manifest.lock",
			);
			name = "[CP] Check Pods Manifest.lock";
			outputFileListPaths = (
			);
			outputPaths = (
				"$(DERIVED_FILE_DIR)/Pods-IntelliBudget-IntelliBudgetUITests-checkManifestLockResult.txt",
			);
			runOnlyForDeploymentPostprocessing = 0;
			shellPath = /bin/sh;
			shellScript = "diff \"${PODS_PODFILE_DIR_PATH}/Podfile.lock\" \"${PODS_ROOT}/Manifest.lock\" > /dev/null\nif [ $? != 0 ] ; then\n    # print error to STDERR\n    echo \"error: The sandbox is not in sync with the Podfile.lock. Run 'pod install' or update your CocoaPods installation.\" >&2\n    exit 1\nfi\n# This output is used by Xcode 'outputs' to avoid re-running this script phase.\necho \"SUCCESS\" > \"${SCRIPT_OUTPUT_FILE_0}\"\n";
			showEnvVarsInLog = 0;
		};
		2B88E7F430ECAB78FAF83ADD /* [CP] Embed Pods Frameworks */ = {
			isa = PBXShellScriptBuildPhase;
			buildActionMask = 2147483647;
			files = (
			);
			inputFileListPaths = (
				"${PODS_ROOT}/Target Support Files/Pods-IntelliBudget-IntelliBudgetUITests/Pods-IntelliBudget-IntelliBudgetUITests-frameworks-${CONFIGURATION}-input-files.xcfilelist",
			);
			name = "[CP] Embed Pods Frameworks";
			outputFileListPaths = (
				"${PODS_ROOT}/Target Support Files/Pods-IntelliBudget-IntelliBudgetUITests/Pods-IntelliBudget-IntelliBudgetUITests-frameworks-${CONFIGURATION}-output-files.xcfilelist",
			);
			runOnlyForDeploymentPostprocessing = 0;
			shellPath = /bin/sh;
			shellScript = "\"${PODS_ROOT}/Target Support Files/Pods-IntelliBudget-IntelliBudgetUITests/Pods-IntelliBudget-IntelliBudgetUITests-frameworks.sh\"\n";
			showEnvVarsInLog = 0;
		};
		4412E759AF8A124EE95EBA95 /* [CP] Check Pods Manifest.lock */ = {
			isa = PBXShellScriptBuildPhase;
			buildActionMask = 2147483647;
			files = (
			);
			inputFileListPaths = (
			);
			inputPaths = (
				"${PODS_PODFILE_DIR_PATH}/Podfile.lock",
				"${PODS_ROOT}/Manifest.lock",
			);
			name = "[CP] Check Pods Manifest.lock";
			outputFileListPaths = (
			);
			outputPaths = (
				"$(DERIVED_FILE_DIR)/Pods-IntelliBudget-checkManifestLockResult.txt",
			);
			runOnlyForDeploymentPostprocessing = 0;
			shellPath = /bin/sh;
			shellScript = "diff \"${PODS_PODFILE_DIR_PATH}/Podfile.lock\" \"${PODS_ROOT}/Manifest.lock\" > /dev/null\nif [ $? != 0 ] ; then\n    # print error to STDERR\n    echo \"error: The sandbox is not in sync with the Podfile.lock. Run 'pod install' or update your CocoaPods installation.\" >&2\n    exit 1\nfi\n# This output is used by Xcode 'outputs' to avoid re-running this script phase.\necho \"SUCCESS\" > \"${SCRIPT_OUTPUT_FILE_0}\"\n";
			showEnvVarsInLog = 0;
		};
		8C1FDA736CC71121087622A1 /* [CP] Embed Pods Frameworks */ = {
			isa = PBXShellScriptBuildPhase;
			buildActionMask = 2147483647;
			files = (
			);
			inputFileListPaths = (
				"${PODS_ROOT}/Target Support Files/Pods-IntelliBudget/Pods-IntelliBudget-frameworks-${CONFIGURATION}-input-files.xcfilelist",
			);
			name = "[CP] Embed Pods Frameworks";
			outputFileListPaths = (
				"${PODS_ROOT}/Target Support Files/Pods-IntelliBudget/Pods-IntelliBudget-frameworks-${CONFIGURATION}-output-files.xcfilelist",
			);
			runOnlyForDeploymentPostprocessing = 0;
			shellPath = /bin/sh;
			shellScript = "\"${PODS_ROOT}/Target Support Files/Pods-IntelliBudget/Pods-IntelliBudget-frameworks.sh\"\n";
			showEnvVarsInLog = 0;
		};
		A7EA2FD7852EF1FD5318FA1E /* [CP] Check Pods Manifest.lock */ = {
			isa = PBXShellScriptBuildPhase;
			buildActionMask = 2147483647;
			files = (
			);
			inputFileListPaths = (
			);
			inputPaths = (
				"${PODS_PODFILE_DIR_PATH}/Podfile.lock",
				"${PODS_ROOT}/Manifest.lock",
			);
			name = "[CP] Check Pods Manifest.lock";
			outputFileListPaths = (
			);
			outputPaths = (
				"$(DERIVED_FILE_DIR)/Pods-IntelliBudgetTests-checkManifestLockResult.txt",
			);
			runOnlyForDeploymentPostprocessing = 0;
			shellPath = /bin/sh;
			shellScript = "diff \"${PODS_PODFILE_DIR_PATH}/Podfile.lock\" \"${PODS_ROOT}/Manifest.lock\" > /dev/null\nif [ $? != 0 ] ; then\n    # print error to STDERR\n    echo \"error: The sandbox is not in sync with the Podfile.lock. Run 'pod install' or update your CocoaPods installation.\" >&2\n    exit 1\nfi\n# This output is used by Xcode 'outputs' to avoid re-running this script phase.\necho \"SUCCESS\" > \"${SCRIPT_OUTPUT_FILE_0}\"\n";
			showEnvVarsInLog = 0;
		};
/* End PBXShellScriptBuildPhase section */

/* Begin PBXSourcesBuildPhase section */
		F1DDCD1F2448E6E4004E67AA /* Sources */ = {
			isa = PBXSourcesBuildPhase;
			buildActionMask = 2147483647;
			files = (
				F14044BE245A543500FDFCF0 /* BalanceViewController.swift in Sources */,
				308EEBEC2454E99D00AB127F /* TabViewController.swift in Sources */,
				F1692A5024512F2300B5639C /* SceneDelegate.swift in Sources */,
				304E31A7244CF47700C3A1C5 /* LoginViewController.swift in Sources */,
				308EEBE62454B44000AB127F /* PurchaseCell.swift in Sources */,
				308EEBEA2454C28000AB127F /* PurchaseViewController.swift in Sources */,
				F1DDCD2B2448E6E4004E67AA /* ViewController.swift in Sources */,
				F1DDCD272448E6E4004E67AA /* AppDelegate.swift in Sources */,
				304E31A9244CF53500C3A1C5 /* HomePageViewController.swift in Sources */,
				F14044C0245A5B2100FDFCF0 /* BalanceAddViewController.swift in Sources */,
			);
			runOnlyForDeploymentPostprocessing = 0;
		};
		F1DDCD352448E6E8004E67AA /* Sources */ = {
			isa = PBXSourcesBuildPhase;
			buildActionMask = 2147483647;
			files = (
				F1DDCD3E2448E6E8004E67AA /* IntelliBudgetTests.swift in Sources */,
			);
			runOnlyForDeploymentPostprocessing = 0;
		};
		F1DDCD402448E6E8004E67AA /* Sources */ = {
			isa = PBXSourcesBuildPhase;
			buildActionMask = 2147483647;
			files = (
				F1DDCD492448E6E8004E67AA /* IntelliBudgetUITests.swift in Sources */,
			);
			runOnlyForDeploymentPostprocessing = 0;
		};
/* End PBXSourcesBuildPhase section */

/* Begin PBXTargetDependency section */
		F1DDCD3B2448E6E8004E67AA /* PBXTargetDependency */ = {
			isa = PBXTargetDependency;
			target = F1DDCD222448E6E4004E67AA /* IntelliBudget */;
			targetProxy = F1DDCD3A2448E6E8004E67AA /* PBXContainerItemProxy */;
		};
		F1DDCD462448E6E8004E67AA /* PBXTargetDependency */ = {
			isa = PBXTargetDependency;
			target = F1DDCD222448E6E4004E67AA /* IntelliBudget */;
			targetProxy = F1DDCD452448E6E8004E67AA /* PBXContainerItemProxy */;
		};
/* End PBXTargetDependency section */

/* Begin PBXVariantGroup section */
		F1DDCD2C2448E6E4004E67AA /* Main.storyboard */ = {
			isa = PBXVariantGroup;
			children = (
				F1DDCD2D2448E6E4004E67AA /* Base */,
			);
			name = Main.storyboard;
			sourceTree = "<group>";
		};
		F1DDCD312448E6E8004E67AA /* LaunchScreen.storyboard */ = {
			isa = PBXVariantGroup;
			children = (
				F1DDCD322448E6E8004E67AA /* Base */,
			);
			name = LaunchScreen.storyboard;
			sourceTree = "<group>";
		};
/* End PBXVariantGroup section */

/* Begin XCBuildConfiguration section */
		F1DDCD4B2448E6E8004E67AA /* Debug */ = {
			isa = XCBuildConfiguration;
			buildSettings = {
				ALWAYS_SEARCH_USER_PATHS = NO;
				CLANG_ANALYZER_NONNULL = YES;
				CLANG_ANALYZER_NUMBER_OBJECT_CONVERSION = YES_AGGRESSIVE;
				CLANG_CXX_LANGUAGE_STANDARD = "gnu++14";
				CLANG_CXX_LIBRARY = "libc++";
				CLANG_ENABLE_MODULES = YES;
				CLANG_ENABLE_OBJC_ARC = YES;
				CLANG_ENABLE_OBJC_WEAK = YES;
				CLANG_WARN_BLOCK_CAPTURE_AUTORELEASING = YES;
				CLANG_WARN_BOOL_CONVERSION = YES;
				CLANG_WARN_COMMA = YES;
				CLANG_WARN_CONSTANT_CONVERSION = YES;
				CLANG_WARN_DEPRECATED_OBJC_IMPLEMENTATIONS = YES;
				CLANG_WARN_DIRECT_OBJC_ISA_USAGE = YES_ERROR;
				CLANG_WARN_DOCUMENTATION_COMMENTS = YES;
				CLANG_WARN_EMPTY_BODY = YES;
				CLANG_WARN_ENUM_CONVERSION = YES;
				CLANG_WARN_INFINITE_RECURSION = YES;
				CLANG_WARN_INT_CONVERSION = YES;
				CLANG_WARN_NON_LITERAL_NULL_CONVERSION = YES;
				CLANG_WARN_OBJC_IMPLICIT_RETAIN_SELF = YES;
				CLANG_WARN_OBJC_LITERAL_CONVERSION = YES;
				CLANG_WARN_OBJC_ROOT_CLASS = YES_ERROR;
				CLANG_WARN_RANGE_LOOP_ANALYSIS = YES;
				CLANG_WARN_STRICT_PROTOTYPES = YES;
				CLANG_WARN_SUSPICIOUS_MOVE = YES;
				CLANG_WARN_UNGUARDED_AVAILABILITY = YES_AGGRESSIVE;
				CLANG_WARN_UNREACHABLE_CODE = YES;
				CLANG_WARN__DUPLICATE_METHOD_MATCH = YES;
				COPY_PHASE_STRIP = NO;
				DEBUG_INFORMATION_FORMAT = dwarf;
				ENABLE_STRICT_OBJC_MSGSEND = YES;
				ENABLE_TESTABILITY = YES;
				GCC_C_LANGUAGE_STANDARD = gnu11;
				GCC_DYNAMIC_NO_PIC = NO;
				GCC_NO_COMMON_BLOCKS = YES;
				GCC_OPTIMIZATION_LEVEL = 0;
				GCC_PREPROCESSOR_DEFINITIONS = (
					"DEBUG=1",
					"$(inherited)",
				);
				GCC_WARN_64_TO_32_BIT_CONVERSION = YES;
				GCC_WARN_ABOUT_RETURN_TYPE = YES_ERROR;
				GCC_WARN_UNDECLARED_SELECTOR = YES;
				GCC_WARN_UNINITIALIZED_AUTOS = YES_AGGRESSIVE;
				GCC_WARN_UNUSED_FUNCTION = YES;
				GCC_WARN_UNUSED_VARIABLE = YES;
				IPHONEOS_DEPLOYMENT_TARGET = 13.4;
				MTL_ENABLE_DEBUG_INFO = INCLUDE_SOURCE;
				MTL_FAST_MATH = YES;
				ONLY_ACTIVE_ARCH = YES;
				SDKROOT = iphoneos;
				SWIFT_ACTIVE_COMPILATION_CONDITIONS = DEBUG;
				SWIFT_OPTIMIZATION_LEVEL = "-Onone";
			};
			name = Debug;
		};
		F1DDCD4C2448E6E8004E67AA /* Release */ = {
			isa = XCBuildConfiguration;
			buildSettings = {
				ALWAYS_SEARCH_USER_PATHS = NO;
				CLANG_ANALYZER_NONNULL = YES;
				CLANG_ANALYZER_NUMBER_OBJECT_CONVERSION = YES_AGGRESSIVE;
				CLANG_CXX_LANGUAGE_STANDARD = "gnu++14";
				CLANG_CXX_LIBRARY = "libc++";
				CLANG_ENABLE_MODULES = YES;
				CLANG_ENABLE_OBJC_ARC = YES;
				CLANG_ENABLE_OBJC_WEAK = YES;
				CLANG_WARN_BLOCK_CAPTURE_AUTORELEASING = YES;
				CLANG_WARN_BOOL_CONVERSION = YES;
				CLANG_WARN_COMMA = YES;
				CLANG_WARN_CONSTANT_CONVERSION = YES;
				CLANG_WARN_DEPRECATED_OBJC_IMPLEMENTATIONS = YES;
				CLANG_WARN_DIRECT_OBJC_ISA_USAGE = YES_ERROR;
				CLANG_WARN_DOCUMENTATION_COMMENTS = YES;
				CLANG_WARN_EMPTY_BODY = YES;
				CLANG_WARN_ENUM_CONVERSION = YES;
				CLANG_WARN_INFINITE_RECURSION = YES;
				CLANG_WARN_INT_CONVERSION = YES;
				CLANG_WARN_NON_LITERAL_NULL_CONVERSION = YES;
				CLANG_WARN_OBJC_IMPLICIT_RETAIN_SELF = YES;
				CLANG_WARN_OBJC_LITERAL_CONVERSION = YES;
				CLANG_WARN_OBJC_ROOT_CLASS = YES_ERROR;
				CLANG_WARN_RANGE_LOOP_ANALYSIS = YES;
				CLANG_WARN_STRICT_PROTOTYPES = YES;
				CLANG_WARN_SUSPICIOUS_MOVE = YES;
				CLANG_WARN_UNGUARDED_AVAILABILITY = YES_AGGRESSIVE;
				CLANG_WARN_UNREACHABLE_CODE = YES;
				CLANG_WARN__DUPLICATE_METHOD_MATCH = YES;
				COPY_PHASE_STRIP = NO;
				DEBUG_INFORMATION_FORMAT = "dwarf-with-dsym";
				ENABLE_NS_ASSERTIONS = NO;
				ENABLE_STRICT_OBJC_MSGSEND = YES;
				GCC_C_LANGUAGE_STANDARD = gnu11;
				GCC_NO_COMMON_BLOCKS = YES;
				GCC_WARN_64_TO_32_BIT_CONVERSION = YES;
				GCC_WARN_ABOUT_RETURN_TYPE = YES_ERROR;
				GCC_WARN_UNDECLARED_SELECTOR = YES;
				GCC_WARN_UNINITIALIZED_AUTOS = YES_AGGRESSIVE;
				GCC_WARN_UNUSED_FUNCTION = YES;
				GCC_WARN_UNUSED_VARIABLE = YES;
				IPHONEOS_DEPLOYMENT_TARGET = 13.4;
				MTL_ENABLE_DEBUG_INFO = NO;
				MTL_FAST_MATH = YES;
				SDKROOT = iphoneos;
				SWIFT_COMPILATION_MODE = wholemodule;
				SWIFT_OPTIMIZATION_LEVEL = "-O";
				VALIDATE_PRODUCT = YES;
			};
			name = Release;
		};
		F1DDCD4E2448E6E8004E67AA /* Debug */ = {
			isa = XCBuildConfiguration;
			baseConfigurationReference = 8336D192D433ED309743AEDD /* Pods-IntelliBudget.debug.xcconfig */;
			buildSettings = {
				ASSETCATALOG_COMPILER_APPICON_NAME = AppIcon;
				CODE_SIGN_STYLE = Automatic;
				INFOPLIST_FILE = IntelliBudget/Info.plist;
				LD_RUNPATH_SEARCH_PATHS = (
					"$(inherited)",
					"@executable_path/Frameworks",
				);
				PRODUCT_BUNDLE_IDENTIFIER = DennisK.IntelliBudget;
				PRODUCT_NAME = "$(TARGET_NAME)";
				SWIFT_VERSION = 5.0;
				TARGETED_DEVICE_FAMILY = "1,2";
			};
			name = Debug;
		};
		F1DDCD4F2448E6E8004E67AA /* Release */ = {
			isa = XCBuildConfiguration;
			baseConfigurationReference = 9DB135BF4EBF6613303F730A /* Pods-IntelliBudget.release.xcconfig */;
			buildSettings = {
				ASSETCATALOG_COMPILER_APPICON_NAME = AppIcon;
				CODE_SIGN_STYLE = Automatic;
				INFOPLIST_FILE = IntelliBudget/Info.plist;
				LD_RUNPATH_SEARCH_PATHS = (
					"$(inherited)",
					"@executable_path/Frameworks",
				);
				PRODUCT_BUNDLE_IDENTIFIER = DennisK.IntelliBudget;
				PRODUCT_NAME = "$(TARGET_NAME)";
				SWIFT_VERSION = 5.0;
				TARGETED_DEVICE_FAMILY = "1,2";
			};
			name = Release;
		};
		F1DDCD512448E6E8004E67AA /* Debug */ = {
			isa = XCBuildConfiguration;
			baseConfigurationReference = 0031BBA03EC8333BA0D362A7 /* Pods-IntelliBudgetTests.debug.xcconfig */;
			buildSettings = {
				ALWAYS_EMBED_SWIFT_STANDARD_LIBRARIES = YES;
				BUNDLE_LOADER = "$(TEST_HOST)";
				CODE_SIGN_STYLE = Automatic;
				INFOPLIST_FILE = IntelliBudgetTests/Info.plist;
				IPHONEOS_DEPLOYMENT_TARGET = 13.4;
				LD_RUNPATH_SEARCH_PATHS = (
					"$(inherited)",
					"@executable_path/Frameworks",
					"@loader_path/Frameworks",
				);
				PRODUCT_BUNDLE_IDENTIFIER = DennisK.IntelliBudgetTests;
				PRODUCT_NAME = "$(TARGET_NAME)";
				SWIFT_VERSION = 5.0;
				TARGETED_DEVICE_FAMILY = "1,2";
				TEST_HOST = "$(BUILT_PRODUCTS_DIR)/IntelliBudget.app/IntelliBudget";
			};
			name = Debug;
		};
		F1DDCD522448E6E8004E67AA /* Release */ = {
			isa = XCBuildConfiguration;
			baseConfigurationReference = BBFC731CE6ED99EF4C485300 /* Pods-IntelliBudgetTests.release.xcconfig */;
			buildSettings = {
				ALWAYS_EMBED_SWIFT_STANDARD_LIBRARIES = YES;
				BUNDLE_LOADER = "$(TEST_HOST)";
				CODE_SIGN_STYLE = Automatic;
				INFOPLIST_FILE = IntelliBudgetTests/Info.plist;
				IPHONEOS_DEPLOYMENT_TARGET = 13.4;
				LD_RUNPATH_SEARCH_PATHS = (
					"$(inherited)",
					"@executable_path/Frameworks",
					"@loader_path/Frameworks",
				);
				PRODUCT_BUNDLE_IDENTIFIER = DennisK.IntelliBudgetTests;
				PRODUCT_NAME = "$(TARGET_NAME)";
				SWIFT_VERSION = 5.0;
				TARGETED_DEVICE_FAMILY = "1,2";
				TEST_HOST = "$(BUILT_PRODUCTS_DIR)/IntelliBudget.app/IntelliBudget";
			};
			name = Release;
		};
		F1DDCD542448E6E8004E67AA /* Debug */ = {
			isa = XCBuildConfiguration;
			baseConfigurationReference = 04A2C264CD2B098D40127764 /* Pods-IntelliBudget-IntelliBudgetUITests.debug.xcconfig */;
			buildSettings = {
				ALWAYS_EMBED_SWIFT_STANDARD_LIBRARIES = YES;
				CODE_SIGN_STYLE = Automatic;
				INFOPLIST_FILE = IntelliBudgetUITests/Info.plist;
				LD_RUNPATH_SEARCH_PATHS = (
					"$(inherited)",
					"@executable_path/Frameworks",
					"@loader_path/Frameworks",
				);
				PRODUCT_BUNDLE_IDENTIFIER = DennisK.IntelliBudgetUITests;
				PRODUCT_NAME = "$(TARGET_NAME)";
				SWIFT_VERSION = 5.0;
				TARGETED_DEVICE_FAMILY = "1,2";
				TEST_TARGET_NAME = IntelliBudget;
			};
			name = Debug;
		};
		F1DDCD552448E6E8004E67AA /* Release */ = {
			isa = XCBuildConfiguration;
			baseConfigurationReference = 751506E552BFDA53BC984CA5 /* Pods-IntelliBudget-IntelliBudgetUITests.release.xcconfig */;
			buildSettings = {
				ALWAYS_EMBED_SWIFT_STANDARD_LIBRARIES = YES;
				CODE_SIGN_STYLE = Automatic;
				INFOPLIST_FILE = IntelliBudgetUITests/Info.plist;
				LD_RUNPATH_SEARCH_PATHS = (
					"$(inherited)",
					"@executable_path/Frameworks",
					"@loader_path/Frameworks",
				);
				PRODUCT_BUNDLE_IDENTIFIER = DennisK.IntelliBudgetUITests;
				PRODUCT_NAME = "$(TARGET_NAME)";
				SWIFT_VERSION = 5.0;
				TARGETED_DEVICE_FAMILY = "1,2";
				TEST_TARGET_NAME = IntelliBudget;
			};
			name = Release;
		};
/* End XCBuildConfiguration section */

/* Begin XCConfigurationList section */
		F1DDCD1E2448E6E4004E67AA /* Build configuration list for PBXProject "IntelliBudget" */ = {
			isa = XCConfigurationList;
			buildConfigurations = (
				F1DDCD4B2448E6E8004E67AA /* Debug */,
				F1DDCD4C2448E6E8004E67AA /* Release */,
			);
			defaultConfigurationIsVisible = 0;
			defaultConfigurationName = Release;
		};
		F1DDCD4D2448E6E8004E67AA /* Build configuration list for PBXNativeTarget "IntelliBudget" */ = {
			isa = XCConfigurationList;
			buildConfigurations = (
				F1DDCD4E2448E6E8004E67AA /* Debug */,
				F1DDCD4F2448E6E8004E67AA /* Release */,
			);
			defaultConfigurationIsVisible = 0;
			defaultConfigurationName = Release;
		};
		F1DDCD502448E6E8004E67AA /* Build configuration list for PBXNativeTarget "IntelliBudgetTests" */ = {
			isa = XCConfigurationList;
			buildConfigurations = (
				F1DDCD512448E6E8004E67AA /* Debug */,
				F1DDCD522448E6E8004E67AA /* Release */,
			);
			defaultConfigurationIsVisible = 0;
			defaultConfigurationName = Release;
		};
		F1DDCD532448E6E8004E67AA /* Build configuration list for PBXNativeTarget "IntelliBudgetUITests" */ = {
			isa = XCConfigurationList;
			buildConfigurations = (
				F1DDCD542448E6E8004E67AA /* Debug */,
				F1DDCD552448E6E8004E67AA /* Release */,
			);
			defaultConfigurationIsVisible = 0;
			defaultConfigurationName = Release;
		};
/* End XCConfigurationList section */
	};
	rootObject = F1DDCD1B2448E6E4004E67AA /* Project object */;
}
